<?xml version="1.0" encoding="utf-8"?>
<Project ToolsVersion="4.0" xmlns="http://schemas.microsoft.com/developer/msbuild/2003">
  <ItemGroup>
    <Filter Include="Source Files">
      <UniqueIdentifier>{4FC737F1-C7A5-4376-A066-2A32D752A2FF}</UniqueIdentifier>
      <Extensions>cpp;cxx;c;def</Extensions>
    </Filter>
    <Filter Include="Header Files">
      <UniqueIdentifier>{93995380-89BD-4b04-88EB-625FBE52EBFB}</UniqueIdentifier>
      <Extensions>h</Extensions>
    </Filter>
    <Filter Include="Form Files">
      <UniqueIdentifier>{99349809-55BA-4b9d-BF79-8FDBB0286EB3}</UniqueIdentifier>
      <Extensions>ui</Extensions>
    </Filter>
    <Filter Include="Resource Files">
      <UniqueIdentifier>{D9D6E242-F8AF-46E4-B9FD-80ECBC20BA3E}</UniqueIdentifier>
      <Extensions>qrc;*</Extensions>
      <ParseFiles>false</ParseFiles>
    </Filter>
    <Filter Include="Generated Files">
      <UniqueIdentifier>{71ED8ED8-ACB9-4CE9-BBE1-E00B30144E11}</UniqueIdentifier>
      <Extensions>moc;h;cpp</Extensions>
      <SourceControlFiles>False</SourceControlFiles>
    </Filter>
    <Filter Include="Generated Files\Release">
      <UniqueIdentifier>{db81d6fb-03f4-428c-864c-1b035912f66d}</UniqueIdentifier>
      <Extensions>cpp;moc</Extensions>
      <SourceControlFiles>False</SourceControlFiles>
    </Filter>
    <Filter Include="Generated Files\Debug">
      <UniqueIdentifier>{8c00518c-07a7-47dd-8657-97118c87a546}</UniqueIdentifier>
      <Extensions>cpp;moc</Extensions>
      <SourceControlFiles>False</SourceControlFiles>
    </Filter>
    <Filter Include="Icone">
      <UniqueIdentifier>{15754e86-7874-41ea-8ab8-493f5316da9b}</UniqueIdentifier>
    </Filter>
  </ItemGroup>
  <ItemGroup>
    <ClCompile Include="BackNext.cpp">
      <Filter>Source Files</Filter>
    </ClCompile>
    <ClCompile Include="Controller.cc">
      <Filter>Source Files</Filter>
    </ClCompile>
    <ClCompile Include="main.cpp">
      <Filter>Source Files</Filter>
    </ClCompile>
    <ClCompile Include="mainscene.cpp">
      <Filter>Source Files</Filter>
    </ClCompile>
    <ClCompile Include="new.cpp">
      <Filter>Source Files</Filter>
    </ClCompile>
    <ClCompile Include="Picture.cpp">
      <Filter>Source Files</Filter>
    </ClCompile>
    <ClCompile Include="PictureColor.cpp">
      <Filter>Source Files</Filter>
    </ClCompile>
    <ClCompile Include="PictureGray.cpp">
      <Filter>Source Files</Filter>
    </ClCompile>
    <ClCompile Include="visiut3.cpp">
      <Filter>Source Files</Filter>
    </ClCompile>
    <ClCompile Include="GeneratedFiles\qrc_visiut3.cpp">
      <Filter>Generated Files</Filter>
    </ClCompile>
    <ClCompile Include="GeneratedFiles\Release\moc_mainscene.cpp">
      <Filter>Generated Files\Release</Filter>
    </ClCompile>
    <ClCompile Include="GeneratedFiles\Release\moc_New.cpp">
      <Filter>Generated Files\Release</Filter>
    </ClCompile>
    <ClCompile Include="GeneratedFiles\Release\moc_visiut3.cpp">
      <Filter>Generated Files\Release</Filter>
    </ClCompile>
    <ClCompile Include="GeneratedFiles\Debug\moc_mainscene.cpp">
      <Filter>Generated Files\Debug</Filter>
    </ClCompile>
    <ClCompile Include="GeneratedFiles\Debug\moc_New.cpp">
      <Filter>Generated Files\Debug</Filter>
    </ClCompile>
    <ClCompile Include="GeneratedFiles\Debug\moc_visiut3.cpp">
      <Filter>Generated Files\Debug</Filter>
    </ClCompile>
  </ItemGroup>
  <ItemGroup>
    <ClInclude Include="BackNext.h">
      <Filter>Header Files</Filter>
    </ClInclude>
    <ClInclude Include="Controller.h">
      <Filter>Header Files</Filter>
    </ClInclude>
    <ClInclude Include="Picture.h">
      <Filter>Header Files</Filter>
    </ClInclude>
    <ClInclude Include="PictureColor.h">
      <Filter>Header Files</Filter>
    </ClInclude>
    <ClInclude Include="PictureGray.h">
      <Filter>Header Files</Filter>
    </ClInclude>
    <ClInclude Include="resource.h">
      <Filter>Header Files</Filter>
    </ClInclude>
    <ClInclude Include="Traitement.h">
      <Filter>Header Files</Filter>
    </ClInclude>
  </ItemGroup>
  <ItemGroup>
    <None Include="Icone\arrow_turn_left.png">
      <Filter>Icone</Filter>
    </None>
    <None Include="Icone\bullet_disk.png">
      <Filter>Icone</Filter>
    </None>
    <None Include="Icone\cancel.png">
      <Filter>Icone</Filter>
    </None>
    <None Include="Icone\color_wheel.png">
      <Filter>Icone</Filter>
    </None>
    <None Include="Icone\cross.png">
      <Filter>Icone</Filter>
    </None>
    <None Include="Icone\door_in.png">
      <Filter>Icone</Filter>
    </None>
    <None Include="Icone\folder_add.png">
      <Filter>Icone</Filter>
    </None>
    <None Include="Icone\heart.png">
      <Filter>Icone</Filter>
    </None>
    <None Include="Icone\help.png">
      <Filter>Icone</Filter>
    </None>
    <None Include="Icone\page_white_add.png">
      <Filter>Icone</Filter>
    </None>
    <None Include="Icone\shading.png">
      <Filter>Icone</Filter>
    </None>
    <None Include="Visiut3.aps" />
  </ItemGroup>
  <ItemGroup>
    <CustomBuild Include="mainscene.h">
      <Filter>Header Files</Filter>
    </CustomBuild>
    <CustomBuild Include="new.h">
      <Filter>Header Files</Filter>
    </CustomBuild>
    <CustomBuild Include="visiut3.h">
      <Filter>Header Files</Filter>
    </CustomBuild>
    <CustomBuild Include="New.ui">
      <Filter>Form Files</Filter>
    </CustomBuild>
    <CustomBuild Include="visiut3.ui">
      <Filter>Form Files</Filter>
    </CustomBuild>
    <CustomBuild Include="visiut3.qrc">
      <Filter>Resource Files</Filter>
    </CustomBuild>
  </ItemGroup>
</Project>